
Microsoft Visual Studio Solution File, Format Version 12.00
# Visual Studio Version 17
VisualStudioVersion = 17.4.33122.133
MinimumVisualStudioVersion = 10.0.40219.1
Project("{9A19103F-16F7-4668-BE54-9A1E7A4F7556}") = "DepartTP1", "DepartTP1\DepartTP1.csproj", "{A7D4CB93-043C-4263-8A20-53C165923A11}"
EndProject
Project("{9A19103F-16F7-4668-BE54-9A1E7A4F7556}") = "DepartTP1Tests", "DepartTP1Tests\DepartTP1Tests.csproj", "{41B9FE8C-CD3B-4725-8DAD-B0B8475423B3}"
EndProject
Global
	GlobalSection(SolutionConfigurationPlatforms) = preSolution
		Debug|Any CPU = Debug|Any CPU
		Release|Any CPU = Release|Any CPU
	EndGlobalSection
	GlobalSection(ProjectConfigurationPlatforms) = postSolution
		{A7D4CB93-043C-4263-8A20-53C165923A11}.Debug|Any CPU.ActiveCfg = Debug|Any CPU
		{A7D4CB93-043C-4263-8A20-53C165923A11}.Debug|Any CPU.Build.0 = Debug|Any CPU
		{A7D4CB93-043C-4263-8A20-53C165923A11}.Release|Any CPU.ActiveCfg = Release|Any CPU
		{A7D4CB93-043C-4263-8A20-53C165923A11}.Release|Any CPU.Build.0 = Release|Any CPU
		{41B9FE8C-CD3B-4725-8DAD-B0B8475423B3}.Debug|Any CPU.ActiveCfg = Debug|Any CPU
		{41B9FE8C-CD3B-4725-8DAD-B0B8475423B3}.Debug|Any CPU.Build.0 = Debug|Any CPU
		{41B9FE8C-CD3B-4725-8DAD-B0B8475423B3}.Release|Any CPU.ActiveCfg = Release|Any CPU
		{41B9FE8C-CD3B-4725-8DAD-B0B8475423B3}.Release|Any CPU.Build.0 = Release|Any CPU
	EndGlobalSection
	GlobalSection(SolutionProperties) = preSolution
		HideSolutionNode = FALSE
	EndGlobalSection
	GlobalSection(ExtensibilityGlobals) = postSolution
		SolutionGuid = {62DEB73D-4557-4371-960F-54FC6C51685E}
	EndGlobalSection
EndGlobal
